// !$*UTF8*$!
{
	archiveVersion = 1;
	classes = {
	};
	objectVersion = 46;
	objects = {

/* Begin PBXBuildFile section */
		CD0A81591EA877BF001E2DEF /* AppDelegate.swift in Sources */ = {isa = PBXBuildFile; fileRef = CD0A81581EA877BF001E2DEF /* AppDelegate.swift */; };
		CD0A815B1EA877BF001E2DEF /* ViewController.swift in Sources */ = {isa = PBXBuildFile; fileRef = CD0A815A1EA877BF001E2DEF /* ViewController.swift */; };
		CD0A815E1EA877BF001E2DEF /* Main.storyboard in Resources */ = {isa = PBXBuildFile; fileRef = CD0A815C1EA877BF001E2DEF /* Main.storyboard */; };
		CD0A81611EA877BF001E2DEF /* CheckNewVersionSwift.xcdatamodeld in Sources */ = {isa = PBXBuildFile; fileRef = CD0A815F1EA877BF001E2DEF /* CheckNewVersionSwift.xcdatamodeld */; };
		CD0A81631EA877BF001E2DEF /* Assets.xcassets in Resources */ = {isa = PBXBuildFile; fileRef = CD0A81621EA877BF001E2DEF /* Assets.xcassets */; };
		CD0A81661EA877BF001E2DEF /* LaunchScreen.storyboard in Resources */ = {isa = PBXBuildFile; fileRef = CD0A81641EA877BF001E2DEF /* LaunchScreen.storyboard */; };
		CD0A816F1EA87852001E2DEF /* AppleStoreModel.swift in Sources */ = {isa = PBXBuildFile; fileRef = CD0A816E1EA87852001E2DEF /* AppleStoreModel.swift */; };
		CD0A81711EA87864001E2DEF /* CheckNewVersion.swift in Sources */ = {isa = PBXBuildFile; fileRef = CD0A81701EA87864001E2DEF /* CheckNewVersion.swift */; };
/* End PBXBuildFile section */

/* Begin PBXFileReference section */
		CD0A81551EA877BF001E2DEF /* CheckNewVersionSwift.app */ = {isa = PBXFileReference; explicitFileType = wrapper.application; includeInIndex = 0; path = CheckNewVersionSwift.app; sourceTree = BUILT_PRODUCTS_DIR; };
		CD0A81581EA877BF001E2DEF /* AppDelegate.swift */ = {isa = PBXFileReference; lastKnownFileType = sourcecode.swift; path = AppDelegate.swift; sourceTree = "<group>"; };
		CD0A815A1EA877BF001E2DEF /* ViewController.swift */ = {isa = PBXFileReference; lastKnownFileType = sourcecode.swift; path = ViewController.swift; sourceTree = "<group>"; };
		CD0A815D1EA877BF001E2DEF /* Base */ = {isa = PBXFileReference; lastKnownFileType = file.storyboard; name = Base; path = Base.lproj/Main.storyboard; sourceTree = "<group>"; };
		CD0A81601EA877BF001E2DEF /* CheckNewVersionSwift.xcdatamodel */ = {isa = PBXFileReference; lastKnownFileType = wrapper.xcdatamodel; path = CheckNewVersionSwift.xcdatamodel; sourceTree = "<group>"; };
		CD0A81621EA877BF001E2DEF /* Assets.xcassets */ = {isa = PBXFileReference; lastKnownFileType = folder.assetcatalog; path = Assets.xcassets; sourceTree = "<group>"; };
		CD0A81651EA877BF001E2DEF /* Base */ = {isa = PBXFileReference; lastKnownFileType = file.storyboard; name = Base; path = Base.lproj/LaunchScreen.storyboard; sourceTree = "<group>"; };
		CD0A81671EA877BF001E2DEF /* Info.plist */ = {isa = PBXFileReference; lastKnownFileType = text.plist.xml; path = Info.plist; sourceTree = "<group>"; };
		CD0A816E1EA87852001E2DEF /* AppleStoreModel.swift */ = {isa = PBXFileReference; fileEncoding = 4; lastKnownFileType = sourcecode.swift; path = AppleStoreModel.swift; sourceTree = "<group>"; };
		CD0A81701EA87864001E2DEF /* CheckNewVersion.swift */ = {isa = PBXFileReference; fileEncoding = 4; lastKnownFileType = sourcecode.swift; path = CheckNewVersion.swift; sourceTree = "<group>"; };
/* End PBXFileReference section */

/* Begin PBXFrameworksBuildPhase section */
		CD0A81521EA877BF001E2DEF /* Frameworks */ = {
			isa = PBXFrameworksBuildPhase;
			buildActionMask = 2147483647;
			files = (
			);
			runOnlyForDeploymentPostprocessing = 0;
		};
/* End PBXFrameworksBuildPhase section */

/* Begin PBXGroup section */
		CD0A814C1EA877BE001E2DEF = {
			isa = PBXGroup;
			children = (
				CD0A81571EA877BF001E2DEF /* CheckNewVersionSwift */,
				CD0A81561EA877BF001E2DEF /* Products */,
			);
			sourceTree = "<group>";
		};
		CD0A81561EA877BF001E2DEF /* Products */ = {
			isa = PBXGroup;
			children = (
				CD0A81551EA877BF001E2DEF /* CheckNewVersionSwift.app */,
			);
			name = Products;
			sourceTree = "<group>";
		};
		CD0A81571EA877BF001E2DEF /* CheckNewVersionSwift */ = {
			isa = PBXGroup;
			children = (
				CD0A816D1EA877C7001E2DEF /* CheckNewVersion */,
				CD0A81581EA877BF001E2DEF /* AppDelegate.swift */,
				CD0A815A1EA877BF001E2DEF /* ViewController.swift */,
				CD0A815C1EA877BF001E2DEF /* Main.storyboard */,
				CD0A81621EA877BF001E2DEF /* Assets.xcassets */,
				CD0A81641EA877BF001E2DEF /* LaunchScreen.storyboard */,
				CD0A81671EA877BF001E2DEF /* Info.plist */,
				CD0A815F1EA877BF001E2DEF /* CheckNewVersionSwift.xcdatamodeld */,
			);
			path = CheckNewVersionSwift;
			sourceTree = "<group>";
		};
		CD0A816D1EA877C7001E2DEF /* CheckNewVersion */ = {
			isa = PBXGroup;
			children = (
				CD0A816E1EA87852001E2DEF /* AppleStoreModel.swift */,
				CD0A81701EA87864001E2DEF /* CheckNewVersion.swift */,
			);
			name = CheckNewVersion;
			sourceTree = "<group>";
		};
/* End PBXGroup section */

/* Begin PBXNativeTarget section */
		CD0A81541EA877BF001E2DEF /* CheckNewVersionSwift */ = {
			isa = PBXNativeTarget;
			buildConfigurationList = CD0A816A1EA877BF001E2DEF /* Build configuration list for PBXNativeTarget "CheckNewVersionSwift" */;
			buildPhases = (
				CD0A81511EA877BF001E2DEF /* Sources */,
				CD0A81521EA877BF001E2DEF /* Frameworks */,
				CD0A81531EA877BF001E2DEF /* Resources */,
			);
			buildRules = (
			);
			dependencies = (
			);
			name = CheckNewVersionSwift;
			productName = CheckNewVersionSwift;
			productReference = CD0A81551EA877BF001E2DEF /* CheckNewVersionSwift.app */;
			productType = "com.apple.product-type.application";
		};
/* End PBXNativeTarget section */

/* Begin PBXProject section */
		CD0A814D1EA877BE001E2DEF /* Project object */ = {
			isa = PBXProject;
			attributes = {
				LastSwiftUpdateCheck = 0830;
				LastUpgradeCheck = 0830;
				ORGANIZATIONNAME = lsh;
				TargetAttributes = {
					CD0A81541EA877BF001E2DEF = {
						CreatedOnToolsVersion = 8.3.1;
						DevelopmentTeam = L2LYHXGC7E;
						ProvisioningStyle = Automatic;
					};
				};
			};
			buildConfigurationList = CD0A81501EA877BE001E2DEF /* Build configuration list for PBXProject "CheckNewVersionSwift" */;
			compatibilityVersion = "Xcode 3.2";
			developmentRegion = English;
			hasScannedForEncodings = 0;
			knownRegions = (
				en,
				Base,
			);
			mainGroup = CD0A814C1EA877BE001E2DEF;
			productRefGroup = CD0A81561EA877BF001E2DEF /* Products */;
			projectDirPath = "";
			projectRoot = "";
			targets = (
				CD0A81541EA877BF001E2DEF /* CheckNewVersionSwift */,
			);
		};
/* End PBXProject section */

/* Begin PBXResourcesBuildPhase section */
		CD0A81531EA877BF001E2DEF /* Resources */ = {
			isa = PBXResourcesBuildPhase;
			buildActionMask = 2147483647;
			files = (
				CD0A81661EA877BF001E2DEF /* LaunchScreen.storyboard in Resources */,
				CD0A81631EA877BF001E2DEF /* Assets.xcassets in Resources */,
				CD0A815E1EA877BF001E2DEF /* Main.storyboard in Resources */,
			);
			runOnlyForDeploymentPostprocessing = 0;
		};
/* End PBXResourcesBuildPhase section */

/* Begin PBXSourcesBuildPhase section */
		CD0A81511EA877BF001E2DEF /* Sources */ = {
			isa = PBXSourcesBuildPhase;
			buildActionMask = 2147483647;
			files = (
				CD0A816F1EA87852001E2DEF /* AppleStoreModel.swift in Sources */,
				CD0A81611EA877BF001E2DEF /* CheckNewVersionSwift.xcdatamodeld in Sources */,
				CD0A81711EA87864001E2DEF /* CheckNewVersion.swift in Sources */,
				CD0A815B1EA877BF001E2DEF /* ViewController.swift in Sources */,
				CD0A81591EA877BF001E2DEF /* AppDelegate.swift in Sources */,
			);
			runOnlyForDeploymentPostprocessing = 0;
		};
/* End PBXSourcesBuildPhase section */

/* Begin PBXVariantGroup section */
		CD0A815C1EA877BF001E2DEF /* Main.storyboard */ = {
			isa = PBXVariantGroup;
			children = (
				CD0A815D1EA877BF001E2DEF /* Base */,
			);
			name = Main.storyboard;
			sourceTree = "<group>";
		};
		CD0A81641EA877BF001E2DEF /* LaunchScreen.storyboard */ = {
			isa = PBXVariantGroup;
			children = (
				CD0A81651EA877BF001E2DEF /* Base */,
			);
			name = LaunchScreen.storyboard;
			sourceTree = "<group>";
		};
/* End PBXVariantGroup section */

/* Begin XCBuildConfiguration section */
		CD0A81681EA877BF001E2DEF /* Debug */ = {
			isa = XCBuildConfiguration;
			buildSettings = {
				ALWAYS_SEARCH_USER_PATHS = NO;
				CLANG_ANALYZER_NONNULL = YES;
				CLANG_ANALYZER_NUMBER_OBJECT_CONVERSION = YES_AGGRESSIVE;
				CLANG_CXX_LANGUAGE_STANDARD = "gnu++0x";
				CLANG_CXX_LIBRARY = "libc++";
				CLANG_ENABLE_MODULES = YES;
				CLANG_ENABLE_OBJC_ARC = YES;
				CLANG_WARN_BOOL_CONVERSION = YES;
				CLANG_WARN_CONSTANT_CONVERSION = YES;
				CLANG_WARN_DIRECT_OBJC_ISA_USAGE = YES_ERROR;
				CLANG_WARN_DOCUMENTATION_COMMENTS = YES;
				CLANG_WARN_EMPTY_BODY = YES;
				CLANG_WARN_ENUM_CONVERSION = YES;
				CLANG_WARN_INFINITE_RECURSION = YES;
				CLANG_WARN_INT_CONVERSION = YES;
				CLANG_WARN_OBJC_ROOT_CLASS = YES_ERROR;
				CLANG_WARN_SUSPICIOUS_MOVE = YES;
				CLANG_WARN_UNREACHABLE_CODE = YES;
				CLANG_WARN__DUPLICATE_METHOD_MATCH = YES;
				"CODE_SIGN_IDENTITY[sdk=iphoneos*]" = "iPhone Developer";
				COPY_PHASE_STRIP = NO;
				DEBUG_INFORMATION_FORMAT = dwarf;
				ENABLE_STRICT_OBJC_MSGSEND = YES;
				ENABLE_TESTABILITY = YES;
				GCC_C_LANGUAGE_STANDARD = gnu99;
				GCC_DYNAMIC_NO_PIC = NO;
				GCC_NO_COMMON_BLOCKS = YES;
				GCC_OPTIMIZATION_LEVEL = 0;
				GCC_PREPROCESSOR_DEFINITIONS = (
					"DEBUG=1",
					"$(inherited)",
				);
				GCC_WARN_64_TO_32_BIT_CONVERSION = YES;
				GCC_WARN_ABOUT_RETURN_TYPE = YES_ERROR;
				GCC_WARN_UNDECLARED_SELECTOR = YES;
				GCC_WARN_UNINITIALIZED_AUTOS = YES_AGGRESSIVE;
				GCC_WARN_UNUSED_FUNCTION = YES;
				GCC_WARN_UNUSED_VARIABLE = YES;
				IPHONEOS_DEPLOYMENT_TARGET = 10.3;
				MTL_ENABLE_DEBUG_INFO = YES;
				ONLY_ACTIVE_ARCH = YES;
				SDKROOT = iphoneos;
				SWIFT_ACTIVE_COMPILATION_CONDITIONS = DEBUG;
				SWIFT_OPTIMIZATION_LEVEL = "-Onone";
				TARGETED_DEVICE_FAMILY = "1,2";
			};
			name = Debug;
		};
		CD0A81691EA877BF001E2DEF /* Release */ = {
			isa = XCBuildConfiguration;
			buildSettings = {
				ALWAYS_SEARCH_USER_PATHS = NO;
				CLANG_ANALYZER_NONNULL = YES;
				CLANG_ANALYZER_NUMBER_OBJECT_CONVERSION = YES_AGGRESSIVE;
				CLANG_CXX_LANGUAGE_STANDARD = "gnu++0x";
				CLANG_CXX_LIBRARY = "libc++";
				CLANG_ENABLE_MODULES = YES;
				CLANG_ENABLE_OBJC_ARC = YES;
				CLANG_WARN_BOOL_CONVERSION = YES;
				CLANG_WARN_CONSTANT_CONVERSION = YES;
				CLANG_WARN_DIRECT_OBJC_ISA_USAGE = YES_ERROR;
				CLANG_WARN_DOCUMENTATION_COMMENTS = YES;
				CLANG_WARN_EMPTY_BODY = YES;
				CLANG_WARN_ENUM_CONVERSION = YES;
				CLANG_WARN_INFINITE_RECURSION = YES;
				CLANG_WARN_INT_CONVERSION = YES;
				CLANG_WARN_OBJC_ROOT_CLASS = YES_ERROR;
				CLANG_WARN_SUSPICIOUS_MOVE = YES;
				CLANG_WARN_UNREACHABLE_CODE = YES;
				CLANG_WARN__DUPLICATE_METHOD_MATCH = YES;
				"CODE_SIGN_IDENTITY[sdk=iphoneos*]" = "iPhone Developer";
				COPY_PHASE_STRIP = NO;
				DEBUG_INFORMATION_FORMAT = "dwarf-with-dsym";
				ENABLE_NS_ASSERTIONS = NO;
				ENABLE_STRICT_OBJC_MSGSEND = YES;
				GCC_C_LANGUAGE_STANDARD = gnu99;
				GCC_NO_COMMON_BLOCKS = YES;
				GCC_WARN_64_TO_32_BIT_CONVERSION = YES;
				GCC_WARN_ABOUT_RETURN_TYPE = YES_ERROR;
				GCC_WARN_UNDECLARED_SELECTOR = YES;
				GCC_WARN_UNINITIALIZED_AUTOS = YES_AGGRESSIVE;
				GCC_WARN_UNUSED_FUNCTION = YES;
				GCC_WARN_UNUSED_VARIABLE = YES;
				IPHONEOS_DEPLOYMENT_TARGET = 10.3;
				MTL_ENABLE_DEBUG_INFO = NO;
				SDKROOT = iphoneos;
				SWIFT_OPTIMIZATION_LEVEL = "-Owholemodule";
				TARGETED_DEVICE_FAMILY = "1,2";
				VALIDATE_PRODUCT = YES;
			};
			name = Release;
		};
		CD0A816B1EA877BF001E2DEF /* Debug */ = {
			isa = XCBuildConfiguration;
			buildSettings = {
				ASSETCATALOG_COMPILER_APPICON_NAME = AppIcon;
				DEVELOPMENT_TEAM = L2LYHXGC7E;
				INFOPLIST_FILE = CheckNewVersionSwift/Info.plist;
				LD_RUNPATH_SEARCH_PATHS = "$(inherited) @executable_path/Frameworks";
				PRODUCT_BUNDLE_IDENTIFIER = lsh.CheckNewVersionSwift;
				PRODUCT_NAME = "$(TARGET_NAME)";
				SWIFT_VERSION = 3.0;
			};
			name = Debug;
		};
		CD0A816C1EA877BF001E2DEF /* Release */ = {
			isa = XCBuildConfiguration;
			buildSettings = {
				ASSETCATALOG_COMPILER_APPICON_NAME = AppIcon;
				DEVELOPMENT_TEAM = L2LYHXGC7E;
				INFOPLIST_FILE = CheckNewVersionSwift/Info.plist;
				LD_RUNPATH_SEARCH_PATHS = "$(inherited) @executable_path/Frameworks";
				PRODUCT_BUNDLE_IDENTIFIER = lsh.CheckNewVersionSwift;
				PRODUCT_NAME = "$(TARGET_NAME)";
				SWIFT_VERSION = 3.0;
			};
			name = Release;
		};
/* End XCBuildConfiguration section */

/* Begin XCConfigurationList section */
		CD0A81501EA877BE001E2DEF /* Build configuration list for PBXProject "CheckNewVersionSwift" */ = {
			isa = XCConfigurationList;
			buildConfigurations = (
				CD0A81681EA877BF001E2DEF /* Debug */,
				CD0A81691EA877BF001E2DEF /* Release */,
			);
			defaultConfigurationIsVisible = 0;
			defaultConfigurationName = Release;
		};
		CD0A816A1EA877BF001E2DEF /* Build configuration list for PBXNativeTarget "CheckNewVersionSwift" */ = {
			isa = XCConfigurationList;
			buildConfigurations = (
				CD0A816B1EA877BF001E2DEF /* Debug */,
				CD0A816C1EA877BF001E2DEF /* Release */,
			);
			defaultConfigurationIsVisible = 0;
		};
/* End XCConfigurationList section */

/* Begin XCVersionGroup section */
		CD0A815F1EA877BF001E2DEF /* CheckNewVersionSwift.xcdatamodeld */ = {
			isa = XCVersionGroup;
			children = (
				CD0A81601EA877BF001E2DEF /* CheckNewVersionSwift.xcdatamodel */,
			);
			currentVersion = CD0A81601EA877BF001E2DEF /* CheckNewVersionSwift.xcdatamodel */;
			path = CheckNewVersionSwift.xcdatamodeld;
			sourceTree = "<group>";
			versionGroupType = wrapper.xcdatamodel;
		};
/* End XCVersionGroup section */
	};
	rootObject = CD0A814D1EA877BE001E2DEF /* Project object */;
}
